
Microsoft Visual Studio Solution File, Format Version 12.00
# Visual Studio Version 17
VisualStudioVersion = 17.14.36401.2 d17.14
MinimumVisualStudioVersion = 10.0.40219.1
Project("{FAE04EC0-301F-11D3-BF4B-00C04F79EFBC}") = "DailyTask", "DailyTask\DailyTask.csproj", "{519BB98F-DCE2-4A2D-A2BF-A226F763384D}"
EndProject
Global
	GlobalSection(SolutionConfigurationPlatforms) = preSolution
		Debug|Any CPU = Debug|Any CPU
		Release|Any CPU = Release|Any CPU
	EndGlobalSection
	GlobalSection(ProjectConfigurationPlatforms) = postSolution
		{519BB98F-DCE2-4A2D-A2BF-A226F763384D}.Debug|Any CPU.ActiveCfg = Debug|Any CPU
		{519BB98F-DCE2-4A2D-A2BF-A226F763384D}.Debug|Any CPU.Build.0 = Debug|Any CPU
		{519BB98F-DCE2-4A2D-A2BF-A226F763384D}.Release|Any CPU.ActiveCfg = Release|Any CPU
		{519BB98F-DCE2-4A2D-A2BF-A226F763384D}.Release|Any CPU.Build.0 = Release|Any CPU
	EndGlobalSection
	GlobalSection(SolutionProperties) = preSolution
		HideSolutionNode = FALSE
	EndGlobalSection
	GlobalSection(ExtensibilityGlobals) = postSolution
		SolutionGuid = {87B448E3-4994-4E93-A025-85D1B856DF2F}
	EndGlobalSection
EndGlobal
